
Microsoft Visual Studio Solution File, Format Version 12.00
Project("{FAE04EC0-301F-11D3-BF4B-00C04F79EFBC}") = "Cw03", "Cw03\Cw03.csproj", "{21E694C4-F76A-4F97-9033-23E084CECBA1}"
EndProject
Global
	GlobalSection(SolutionConfigurationPlatforms) = preSolution
		Debug|Any CPU = Debug|Any CPU
		Release|Any CPU = Release|Any CPU
	EndGlobalSection
	GlobalSection(ProjectConfigurationPlatforms) = postSolution
		{21E694C4-F76A-4F97-9033-23E084CECBA1}.Debug|Any CPU.ActiveCfg = Debug|Any CPU
		{21E694C4-F76A-4F97-9033-23E084CECBA1}.Debug|Any CPU.Build.0 = Debug|Any CPU
		{21E694C4-F76A-4F97-9033-23E084CECBA1}.Release|Any CPU.ActiveCfg = Release|Any CPU
		{21E694C4-F76A-4F97-9033-23E084CECBA1}.Release|Any CPU.Build.0 = Release|Any CPU
	EndGlobalSection
EndGlobal
